
Microsoft Visual Studio Solution File, Format Version 12.00
# Visual Studio Version 17
VisualStudioVersion = 17.10.34928.147
MinimumVisualStudioVersion = 10.0.40219.1
Project("{FAE04EC0-301F-11D3-BF4B-00C04F79EFBC}") = "KalaKaveri_v1", "KalaKaveri_v1.csproj", "{A293FA24-4CB1-4984-BC79-457B37F2FA58}"
EndProject
Global
	GlobalSection(SolutionConfigurationPlatforms) = preSolution
		Debug|Any CPU = Debug|Any CPU
		Release|Any CPU = Release|Any CPU
	EndGlobalSection
	GlobalSection(ProjectConfigurationPlatforms) = postSolution
		{A293FA24-4CB1-4984-BC79-457B37F2FA58}.Debug|Any CPU.ActiveCfg = Debug|Any CPU
		{A293FA24-4CB1-4984-BC79-457B37F2FA58}.Debug|Any CPU.Build.0 = Debug|Any CPU
		{A293FA24-4CB1-4984-BC79-457B37F2FA58}.Release|Any CPU.ActiveCfg = Release|Any CPU
		{A293FA24-4CB1-4984-BC79-457B37F2FA58}.Release|Any CPU.Build.0 = Release|Any CPU
	EndGlobalSection
	GlobalSection(SolutionProperties) = preSolution
		HideSolutionNode = FALSE
	EndGlobalSection
	GlobalSection(ExtensibilityGlobals) = postSolution
		SolutionGuid = {5256AD1D-BE6A-4C30-A18F-923203D7B7D0}
	EndGlobalSection
EndGlobal
